// !$*UTF8*$!
{
	archiveVersion = 1;
	classes = {
	};
	objectVersion = 56;
	objects = {

/* Begin PBXBuildFile section */
		1E6DF1742BF3F954006E8589 /* AppDelegate.swift in Sources */ = {isa = PBXBuildFile; fileRef = 1E6DF1732BF3F954006E8589 /* AppDelegate.swift */; };
		1E6DF1762BF3F954006E8589 /* SceneDelegate.swift in Sources */ = {isa = PBXBuildFile; fileRef = 1E6DF1752BF3F954006E8589 /* SceneDelegate.swift */; };
		1E6DF1782BF3F954006E8589 /* ViewController.swift in Sources */ = {isa = PBXBuildFile; fileRef = 1E6DF1772BF3F954006E8589 /* ViewController.swift */; };
		1E6DF17B2BF3F954006E8589 /* Base in Resources */ = {isa = PBXBuildFile; fileRef = 1E6DF17A2BF3F954006E8589 /* Base */; };
		1E6DF17E2BF3F954006E8589 /* Film_Kaydetme_APP.xcdatamodeld in Sources */ = {isa = PBXBuildFile; fileRef = 1E6DF17C2BF3F954006E8589 /* Film_Kaydetme_APP.xcdatamodeld */; };
		1E6DF1802BF3F956006E8589 /* Assets.xcassets in Resources */ = {isa = PBXBuildFile; fileRef = 1E6DF17F2BF3F956006E8589 /* Assets.xcassets */; };
		1E6DF1832BF3F956006E8589 /* Base in Resources */ = {isa = PBXBuildFile; fileRef = 1E6DF1822BF3F956006E8589 /* Base */; };
		1E6DF18E2BF3F956006E8589 /* Film_Kaydetme_APPTests.swift in Sources */ = {isa = PBXBuildFile; fileRef = 1E6DF18D2BF3F956006E8589 /* Film_Kaydetme_APPTests.swift */; };
		1E6DF1982BF3F956006E8589 /* Film_Kaydetme_APPUITests.swift in Sources */ = {isa = PBXBuildFile; fileRef = 1E6DF1972BF3F956006E8589 /* Film_Kaydetme_APPUITests.swift */; };
		1E6DF19A2BF3F956006E8589 /* Film_Kaydetme_APPUITestsLaunchTests.swift in Sources */ = {isa = PBXBuildFile; fileRef = 1E6DF1992BF3F956006E8589 /* Film_Kaydetme_APPUITestsLaunchTests.swift */; };
/* End PBXBuildFile section */

/* Begin PBXContainerItemProxy section */
		1E6DF18A2BF3F956006E8589 /* PBXContainerItemProxy */ = {
			isa = PBXContainerItemProxy;
			containerPortal = 1E6DF1682BF3F954006E8589 /* Project object */;
			proxyType = 1;
			remoteGlobalIDString = 1E6DF16F2BF3F954006E8589;
			remoteInfo = "Film-Kaydetme-APP";
		};
		1E6DF1942BF3F956006E8589 /* PBXContainerItemProxy */ = {
			isa = PBXContainerItemProxy;
			containerPortal = 1E6DF1682BF3F954006E8589 /* Project object */;
			proxyType = 1;
			remoteGlobalIDString = 1E6DF16F2BF3F954006E8589;
			remoteInfo = "Film-Kaydetme-APP";
		};
/* End PBXContainerItemProxy section */

/* Begin PBXFileReference section */
		1E6DF1702BF3F954006E8589 /* Film-Kaydetme-APP.app */ = {isa = PBXFileReference; explicitFileType = wrapper.application; includeInIndex = 0; path = "Film-Kaydetme-APP.app"; sourceTree = BUILT_PRODUCTS_DIR; };
		1E6DF1732BF3F954006E8589 /* AppDelegate.swift */ = {isa = PBXFileReference; lastKnownFileType = sourcecode.swift; path = AppDelegate.swift; sourceTree = "<group>"; };
		1E6DF1752BF3F954006E8589 /* SceneDelegate.swift */ = {isa = PBXFileReference; lastKnownFileType = sourcecode.swift; path = SceneDelegate.swift; sourceTree = "<group>"; };
		1E6DF1772BF3F954006E8589 /* ViewController.swift */ = {isa = PBXFileReference; lastKnownFileType = sourcecode.swift; path = ViewController.swift; sourceTree = "<group>"; };
		1E6DF17A2BF3F954006E8589 /* Base */ = {isa = PBXFileReference; lastKnownFileType = file.storyboard; name = Base; path = Base.lproj/Main.storyboard; sourceTree = "<group>"; };
		1E6DF17D2BF3F954006E8589 /* Film_Kaydetme_APP.xcdatamodel */ = {isa = PBXFileReference; lastKnownFileType = wrapper.xcdatamodel; path = Film_Kaydetme_APP.xcdatamodel; sourceTree = "<group>"; };
		1E6DF17F2BF3F956006E8589 /* Assets.xcassets */ = {isa = PBXFileReference; lastKnownFileType = folder.assetcatalog; path = Assets.xcassets; sourceTree = "<group>"; };
		1E6DF1822BF3F956006E8589 /* Base */ = {isa = PBXFileReference; lastKnownFileType = file.storyboard; name = Base; path = Base.lproj/LaunchScreen.storyboard; sourceTree = "<group>"; };
		1E6DF1842BF3F956006E8589 /* Info.plist */ = {isa = PBXFileReference; lastKnownFileType = text.plist.xml; path = Info.plist; sourceTree = "<group>"; };
		1E6DF1892BF3F956006E8589 /* Film-Kaydetme-APPTests.xctest */ = {isa = PBXFileReference; explicitFileType = wrapper.cfbundle; includeInIndex = 0; path = "Film-Kaydetme-APPTests.xctest"; sourceTree = BUILT_PRODUCTS_DIR; };
		1E6DF18D2BF3F956006E8589 /* Film_Kaydetme_APPTests.swift */ = {isa = PBXFileReference; lastKnownFileType = sourcecode.swift; path = Film_Kaydetme_APPTests.swift; sourceTree = "<group>"; };
		1E6DF1932BF3F956006E8589 /* Film-Kaydetme-APPUITests.xctest */ = {isa = PBXFileReference; explicitFileType = wrapper.cfbundle; includeInIndex = 0; path = "Film-Kaydetme-APPUITests.xctest"; sourceTree = BUILT_PRODUCTS_DIR; };
		1E6DF1972BF3F956006E8589 /* Film_Kaydetme_APPUITests.swift */ = {isa = PBXFileReference; lastKnownFileType = sourcecode.swift; path = Film_Kaydetme_APPUITests.swift; sourceTree = "<group>"; };
		1E6DF1992BF3F956006E8589 /* Film_Kaydetme_APPUITestsLaunchTests.swift */ = {isa = PBXFileReference; lastKnownFileType = sourcecode.swift; path = Film_Kaydetme_APPUITestsLaunchTests.swift; sourceTree = "<group>"; };
/* End PBXFileReference section */

/* Begin PBXFrameworksBuildPhase section */
		1E6DF16D2BF3F954006E8589 /* Frameworks */ = {
			isa = PBXFrameworksBuildPhase;
			buildActionMask = 2147483647;
			files = (
			);
			runOnlyForDeploymentPostprocessing = 0;
		};
		1E6DF1862BF3F956006E8589 /* Frameworks */ = {
			isa = PBXFrameworksBuildPhase;
			buildActionMask = 2147483647;
			files = (
			);
			runOnlyForDeploymentPostprocessing = 0;
		};
		1E6DF1902BF3F956006E8589 /* Frameworks */ = {
			isa = PBXFrameworksBuildPhase;
			buildActionMask = 2147483647;
			files = (
			);
			runOnlyForDeploymentPostprocessing = 0;
		};
/* End PBXFrameworksBuildPhase section */

/* Begin PBXGroup section */
		1E6DF1672BF3F954006E8589 = {
			isa = PBXGroup;
			children = (
				1E6DF1722BF3F954006E8589 /* Film-Kaydetme-APP */,
				1E6DF18C2BF3F956006E8589 /* Film-Kaydetme-APPTests */,
				1E6DF1962BF3F956006E8589 /* Film-Kaydetme-APPUITests */,
				1E6DF1712BF3F954006E8589 /* Products */,
			);
			sourceTree = "<group>";
		};
		1E6DF1712BF3F954006E8589 /* Products */ = {
			isa = PBXGroup;
			children = (
				1E6DF1702BF3F954006E8589 /* Film-Kaydetme-APP.app */,
				1E6DF1892BF3F956006E8589 /* Film-Kaydetme-APPTests.xctest */,
				1E6DF1932BF3F956006E8589 /* Film-Kaydetme-APPUITests.xctest */,
			);
			name = Products;
			sourceTree = "<group>";
		};
		1E6DF1722BF3F954006E8589 /* Film-Kaydetme-APP */ = {
			isa = PBXGroup;
			children = (
				1E6DF1732BF3F954006E8589 /* AppDelegate.swift */,
				1E6DF1752BF3F954006E8589 /* SceneDelegate.swift */,
				1E6DF1772BF3F954006E8589 /* ViewController.swift */,
				1E6DF1792BF3F954006E8589 /* Main.storyboard */,
				1E6DF17F2BF3F956006E8589 /* Assets.xcassets */,
				1E6DF1812BF3F956006E8589 /* LaunchScreen.storyboard */,
				1E6DF1842BF3F956006E8589 /* Info.plist */,
				1E6DF17C2BF3F954006E8589 /* Film_Kaydetme_APP.xcdatamodeld */,
			);
			path = "Film-Kaydetme-APP";
			sourceTree = "<group>";
		};
		1E6DF18C2BF3F956006E8589 /* Film-Kaydetme-APPTests */ = {
			isa = PBXGroup;
			children = (
				1E6DF18D2BF3F956006E8589 /* Film_Kaydetme_APPTests.swift */,
			);
			path = "Film-Kaydetme-APPTests";
			sourceTree = "<group>";
		};
		1E6DF1962BF3F956006E8589 /* Film-Kaydetme-APPUITests */ = {
			isa = PBXGroup;
			children = (
				1E6DF1972BF3F956006E8589 /* Film_Kaydetme_APPUITests.swift */,
				1E6DF1992BF3F956006E8589 /* Film_Kaydetme_APPUITestsLaunchTests.swift */,
			);
			path = "Film-Kaydetme-APPUITests";
			sourceTree = "<group>";
		};
/* End PBXGroup section */

/* Begin PBXNativeTarget section */
		1E6DF16F2BF3F954006E8589 /* Film-Kaydetme-APP */ = {
			isa = PBXNativeTarget;
			buildConfigurationList = 1E6DF19D2BF3F956006E8589 /* Build configuration list for PBXNativeTarget "Film-Kaydetme-APP" */;
			buildPhases = (
				1E6DF16C2BF3F954006E8589 /* Sources */,
				1E6DF16D2BF3F954006E8589 /* Frameworks */,
				1E6DF16E2BF3F954006E8589 /* Resources */,
			);
			buildRules = (
			);
			dependencies = (
			);
			name = "Film-Kaydetme-APP";
			productName = "Film-Kaydetme-APP";
			productReference = 1E6DF1702BF3F954006E8589 /* Film-Kaydetme-APP.app */;
			productType = "com.apple.product-type.application";
		};
		1E6DF1882BF3F956006E8589 /* Film-Kaydetme-APPTests */ = {
			isa = PBXNativeTarget;
			buildConfigurationList = 1E6DF1A02BF3F956006E8589 /* Build configuration list for PBXNativeTarget "Film-Kaydetme-APPTests" */;
			buildPhases = (
				1E6DF1852BF3F956006E8589 /* Sources */,
				1E6DF1862BF3F956006E8589 /* Frameworks */,
				1E6DF1872BF3F956006E8589 /* Resources */,
			);
			buildRules = (
			);
			dependencies = (
				1E6DF18B2BF3F956006E8589 /* PBXTargetDependency */,
			);
			name = "Film-Kaydetme-APPTests";
			productName = "Film-Kaydetme-APPTests";
			productReference = 1E6DF1892BF3F956006E8589 /* Film-Kaydetme-APPTests.xctest */;
			productType = "com.apple.product-type.bundle.unit-test";
		};
		1E6DF1922BF3F956006E8589 /* Film-Kaydetme-APPUITests */ = {
			isa = PBXNativeTarget;
			buildConfigurationList = 1E6DF1A32BF3F956006E8589 /* Build configuration list for PBXNativeTarget "Film-Kaydetme-APPUITests" */;
			buildPhases = (
				1E6DF18F2BF3F956006E8589 /* Sources */,
				1E6DF1902BF3F956006E8589 /* Frameworks */,
				1E6DF1912BF3F956006E8589 /* Resources */,
			);
			buildRules = (
			);
			dependencies = (
				1E6DF1952BF3F956006E8589 /* PBXTargetDependency */,
			);
			name = "Film-Kaydetme-APPUITests";
			productName = "Film-Kaydetme-APPUITests";
			productReference = 1E6DF1932BF3F956006E8589 /* Film-Kaydetme-APPUITests.xctest */;
			productType = "com.apple.product-type.bundle.ui-testing";
		};
/* End PBXNativeTarget section */

/* Begin PBXProject section */
		1E6DF1682BF3F954006E8589 /* Project object */ = {
			isa = PBXProject;
			attributes = {
				BuildIndependentTargetsInParallel = 1;
				LastSwiftUpdateCheck = 1530;
				LastUpgradeCheck = 1530;
				TargetAttributes = {
					1E6DF16F2BF3F954006E8589 = {
						CreatedOnToolsVersion = 15.3;
					};
					1E6DF1882BF3F956006E8589 = {
						CreatedOnToolsVersion = 15.3;
						TestTargetID = 1E6DF16F2BF3F954006E8589;
					};
					1E6DF1922BF3F956006E8589 = {
						CreatedOnToolsVersion = 15.3;
						TestTargetID = 1E6DF16F2BF3F954006E8589;
					};
				};
			};
			buildConfigurationList = 1E6DF16B2BF3F954006E8589 /* Build configuration list for PBXProject "Film-Kaydetme-APP" */;
			compatibilityVersion = "Xcode 14.0";
			developmentRegion = en;
			hasScannedForEncodings = 0;
			knownRegions = (
				en,
				Base,
			);
			mainGroup = 1E6DF1672BF3F954006E8589;
			productRefGroup = 1E6DF1712BF3F954006E8589 /* Products */;
			projectDirPath = "";
			projectRoot = "";
			targets = (
				1E6DF16F2BF3F954006E8589 /* Film-Kaydetme-APP */,
				1E6DF1882BF3F956006E8589 /* Film-Kaydetme-APPTests */,
				1E6DF1922BF3F956006E8589 /* Film-Kaydetme-APPUITests */,
			);
		};
/* End PBXProject section */

/* Begin PBXResourcesBuildPhase section */
		1E6DF16E2BF3F954006E8589 /* Resources */ = {
			isa = PBXResourcesBuildPhase;
			buildActionMask = 2147483647;
			files = (
				1E6DF1802BF3F956006E8589 /* Assets.xcassets in Resources */,
				1E6DF1832BF3F956006E8589 /* Base in Resources */,
				1E6DF17B2BF3F954006E8589 /* Base in Resources */,
			);
			runOnlyForDeploymentPostprocessing = 0;
		};
		1E6DF1872BF3F956006E8589 /* Resources */ = {
			isa = PBXResourcesBuildPhase;
			buildActionMask = 2147483647;
			files = (
			);
			runOnlyForDeploymentPostprocessing = 0;
		};
		1E6DF1912BF3F956006E8589 /* Resources */ = {
			isa = PBXResourcesBuildPhase;
			buildActionMask = 2147483647;
			files = (
			);
			runOnlyForDeploymentPostprocessing = 0;
		};
/* End PBXResourcesBuildPhase section */

/* Begin PBXSourcesBuildPhase section */
		1E6DF16C2BF3F954006E8589 /* Sources */ = {
			isa = PBXSourcesBuildPhase;
			buildActionMask = 2147483647;
			files = (
				1E6DF1782BF3F954006E8589 /* ViewController.swift in Sources */,
				1E6DF17E2BF3F954006E8589 /* Film_Kaydetme_APP.xcdatamodeld in Sources */,
				1E6DF1742BF3F954006E8589 /* AppDelegate.swift in Sources */,
				1E6DF1762BF3F954006E8589 /* SceneDelegate.swift in Sources */,
			);
			runOnlyForDeploymentPostprocessing = 0;
		};
		1E6DF1852BF3F956006E8589 /* Sources */ = {
			isa = PBXSourcesBuildPhase;
			buildActionMask = 2147483647;
			files = (
				1E6DF18E2BF3F956006E8589 /* Film_Kaydetme_APPTests.swift in Sources */,
			);
			runOnlyForDeploymentPostprocessing = 0;
		};
		1E6DF18F2BF3F956006E8589 /* Sources */ = {
			isa = PBXSourcesBuildPhase;
			buildActionMask = 2147483647;
			files = (
				1E6DF19A2BF3F956006E8589 /* Film_Kaydetme_APPUITestsLaunchTests.swift in Sources */,
				1E6DF1982BF3F956006E8589 /* Film_Kaydetme_APPUITests.swift in Sources */,
			);
			runOnlyForDeploymentPostprocessing = 0;
		};
/* End PBXSourcesBuildPhase section */

/* Begin PBXTargetDependency section */
		1E6DF18B2BF3F956006E8589 /* PBXTargetDependency */ = {
			isa = PBXTargetDependency;
			target = 1E6DF16F2BF3F954006E8589 /* Film-Kaydetme-APP */;
			targetProxy = 1E6DF18A2BF3F956006E8589 /* PBXContainerItemProxy */;
		};
		1E6DF1952BF3F956006E8589 /* PBXTargetDependency */ = {
			isa = PBXTargetDependency;
			target = 1E6DF16F2BF3F954006E8589 /* Film-Kaydetme-APP */;
			targetProxy = 1E6DF1942BF3F956006E8589 /* PBXContainerItemProxy */;
		};
/* End PBXTargetDependency section */

/* Begin PBXVariantGroup section */
		1E6DF1792BF3F954006E8589 /* Main.storyboard */ = {
			isa = PBXVariantGroup;
			children = (
				1E6DF17A2BF3F954006E8589 /* Base */,
			);
			name = Main.storyboard;
			sourceTree = "<group>";
		};
		1E6DF1812BF3F956006E8589 /* LaunchScreen.storyboard */ = {
			isa = PBXVariantGroup;
			children = (
				1E6DF1822BF3F956006E8589 /* Base */,
			);
			name = LaunchScreen.storyboard;
			sourceTree = "<group>";
		};
/* End PBXVariantGroup section */

/* Begin XCBuildConfiguration section */
		1E6DF19B2BF3F956006E8589 /* Debug */ = {
			isa = XCBuildConfiguration;
			buildSettings = {
				ALWAYS_SEARCH_USER_PATHS = NO;
				ASSETCATALOG_COMPILER_GENERATE_SWIFT_ASSET_SYMBOL_EXTENSIONS = YES;
				CLANG_ANALYZER_NONNULL = YES;
				CLANG_ANALYZER_NUMBER_OBJECT_CONVERSION = YES_AGGRESSIVE;
				CLANG_CXX_LANGUAGE_STANDARD = "gnu++20";
				CLANG_ENABLE_MODULES = YES;
				CLANG_ENABLE_OBJC_ARC = YES;
				CLANG_ENABLE_OBJC_WEAK = YES;
				CLANG_WARN_BLOCK_CAPTURE_AUTORELEASING = YES;
				CLANG_WARN_BOOL_CONVERSION = YES;
				CLANG_WARN_COMMA = YES;
				CLANG_WARN_CONSTANT_CONVERSION = YES;
				CLANG_WARN_DEPRECATED_OBJC_IMPLEMENTATIONS = YES;
				CLANG_WARN_DIRECT_OBJC_ISA_USAGE = YES_ERROR;
				CLANG_WARN_DOCUMENTATION_COMMENTS = YES;
				CLANG_WARN_EMPTY_BODY = YES;
				CLANG_WARN_ENUM_CONVERSION = YES;
				CLANG_WARN_INFINITE_RECURSION = YES;
				CLANG_WARN_INT_CONVERSION = YES;
				CLANG_WARN_NON_LITERAL_NULL_CONVERSION = YES;
				CLANG_WARN_OBJC_IMPLICIT_RETAIN_SELF = YES;
				CLANG_WARN_OBJC_LITERAL_CONVERSION = YES;
				CLANG_WARN_OBJC_ROOT_CLASS = YES_ERROR;
				CLANG_WARN_QUOTED_INCLUDE_IN_FRAMEWORK_HEADER = YES;
				CLANG_WARN_RANGE_LOOP_ANALYSIS = YES;
				CLANG_WARN_STRICT_PROTOTYPES = YES;
				CLANG_WARN_SUSPICIOUS_MOVE = YES;
				CLANG_WARN_UNGUARDED_AVAILABILITY = YES_AGGRESSIVE;
				CLANG_WARN_UNREACHABLE_CODE = YES;
				CLANG_WARN__DUPLICATE_METHOD_MATCH = YES;
				COPY_PHASE_STRIP = NO;
				DEBUG_INFORMATION_FORMAT = dwarf;
				ENABLE_STRICT_OBJC_MSGSEND = YES;
				ENABLE_TESTABILITY = YES;
				ENABLE_USER_SCRIPT_SANDBOXING = YES;
				GCC_C_LANGUAGE_STANDARD = gnu17;
				GCC_DYNAMIC_NO_PIC = NO;
				GCC_NO_COMMON_BLOCKS = YES;
				GCC_OPTIMIZATION_LEVEL = 0;
				GCC_PREPROCESSOR_DEFINITIONS = (
					"DEBUG=1",
					"$(inherited)",
				);
				GCC_WARN_64_TO_32_BIT_CONVERSION = YES;
				GCC_WARN_ABOUT_RETURN_TYPE = YES_ERROR;
				GCC_WARN_UNDECLARED_SELECTOR = YES;
				GCC_WARN_UNINITIALIZED_AUTOS = YES_AGGRESSIVE;
				GCC_WARN_UNUSED_FUNCTION = YES;
				GCC_WARN_UNUSED_VARIABLE = YES;
				IPHONEOS_DEPLOYMENT_TARGET = 17.4;
				LOCALIZATION_PREFERS_STRING_CATALOGS = YES;
				MTL_ENABLE_DEBUG_INFO = INCLUDE_SOURCE;
				MTL_FAST_MATH = YES;
				ONLY_ACTIVE_ARCH = YES;
				SDKROOT = iphoneos;
				SWIFT_ACTIVE_COMPILATION_CONDITIONS = "DEBUG $(inherited)";
				SWIFT_OPTIMIZATION_LEVEL = "-Onone";
			};
			name = Debug;
		};
		1E6DF19C2BF3F956006E8589 /* Release */ = {
			isa = XCBuildConfiguration;
			buildSettings = {
				ALWAYS_SEARCH_USER_PATHS = NO;
				ASSETCATALOG_COMPILER_GENERATE_SWIFT_ASSET_SYMBOL_EXTENSIONS = YES;
				CLANG_ANALYZER_NONNULL = YES;
				CLANG_ANALYZER_NUMBER_OBJECT_CONVERSION = YES_AGGRESSIVE;
				CLANG_CXX_LANGUAGE_STANDARD = "gnu++20";
				CLANG_ENABLE_MODULES = YES;
				CLANG_ENABLE_OBJC_ARC = YES;
				CLANG_ENABLE_OBJC_WEAK = YES;
				CLANG_WARN_BLOCK_CAPTURE_AUTORELEASING = YES;
				CLANG_WARN_BOOL_CONVERSION = YES;
				CLANG_WARN_COMMA = YES;
				CLANG_WARN_CONSTANT_CONVERSION = YES;
				CLANG_WARN_DEPRECATED_OBJC_IMPLEMENTATIONS = YES;
				CLANG_WARN_DIRECT_OBJC_ISA_USAGE = YES_ERROR;
				CLANG_WARN_DOCUMENTATION_COMMENTS = YES;
				CLANG_WARN_EMPTY_BODY = YES;
				CLANG_WARN_ENUM_CONVERSION = YES;
				CLANG_WARN_INFINITE_RECURSION = YES;
				CLANG_WARN_INT_CONVERSION = YES;
				CLANG_WARN_NON_LITERAL_NULL_CONVERSION = YES;
				CLANG_WARN_OBJC_IMPLICIT_RETAIN_SELF = YES;
				CLANG_WARN_OBJC_LITERAL_CONVERSION = YES;
				CLANG_WARN_OBJC_ROOT_CLASS = YES_ERROR;
				CLANG_WARN_QUOTED_INCLUDE_IN_FRAMEWORK_HEADER = YES;
				CLANG_WARN_RANGE_LOOP_ANALYSIS = YES;
				CLANG_WARN_STRICT_PROTOTYPES = YES;
				CLANG_WARN_SUSPICIOUS_MOVE = YES;
				CLANG_WARN_UNGUARDED_AVAILABILITY = YES_AGGRESSIVE;
				CLANG_WARN_UNREACHABLE_CODE = YES;
				CLANG_WARN__DUPLICATE_METHOD_MATCH = YES;
				COPY_PHASE_STRIP = NO;
				DEBUG_INFORMATION_FORMAT = "dwarf-with-dsym";
				ENABLE_NS_ASSERTIONS = NO;
				ENABLE_STRICT_OBJC_MSGSEND = YES;
				ENABLE_USER_SCRIPT_SANDBOXING = YES;
				GCC_C_LANGUAGE_STANDARD = gnu17;
				GCC_NO_COMMON_BLOCKS = YES;
				GCC_WARN_64_TO_32_BIT_CONVERSION = YES;
				GCC_WARN_ABOUT_RETURN_TYPE = YES_ERROR;
				GCC_WARN_UNDECLARED_SELECTOR = YES;
				GCC_WARN_UNINITIALIZED_AUTOS = YES_AGGRESSIVE;
				GCC_WARN_UNUSED_FUNCTION = YES;
				GCC_WARN_UNUSED_VARIABLE = YES;
				IPHONEOS_DEPLOYMENT_TARGET = 17.4;
				LOCALIZATION_PREFERS_STRING_CATALOGS = YES;
				MTL_ENABLE_DEBUG_INFO = NO;
				MTL_FAST_MATH = YES;
				SDKROOT = iphoneos;
				SWIFT_COMPILATION_MODE = wholemodule;
				VALIDATE_PRODUCT = YES;
			};
			name = Release;
		};
		1E6DF19E2BF3F956006E8589 /* Debug */ = {
			isa = XCBuildConfiguration;
			buildSettings = {
				ASSETCATALOG_COMPILER_APPICON_NAME = AppIcon;
				ASSETCATALOG_COMPILER_GLOBAL_ACCENT_COLOR_NAME = AccentColor;
				CODE_SIGN_STYLE = Automatic;
				CURRENT_PROJECT_VERSION = 1;
				GENERATE_INFOPLIST_FILE = YES;
				INFOPLIST_FILE = "Film-Kaydetme-APP/Info.plist";
				INFOPLIST_KEY_UIApplicationSupportsIndirectInputEvents = YES;
				INFOPLIST_KEY_UILaunchStoryboardName = LaunchScreen;
				INFOPLIST_KEY_UIMainStoryboardFile = Main;
				INFOPLIST_KEY_UISupportedInterfaceOrientations_iPad = "UIInterfaceOrientationPortrait UIInterfaceOrientationPortraitUpsideDown UIInterfaceOrientationLandscapeLeft UIInterfaceOrientationLandscapeRight";
				INFOPLIST_KEY_UISupportedInterfaceOrientations_iPhone = "UIInterfaceOrientationPortrait UIInterfaceOrientationLandscapeLeft UIInterfaceOrientationLandscapeRight";
				LD_RUNPATH_SEARCH_PATHS = (
					"$(inherited)",
					"@executable_path/Frameworks",
				);
				MARKETING_VERSION = 1.0;
				PRODUCT_BUNDLE_IDENTIFIER = "sabri.Film-Kaydetme-APP";
				PRODUCT_NAME = "$(TARGET_NAME)";
				SWIFT_EMIT_LOC_STRINGS = YES;
				SWIFT_VERSION = 5.0;
				TARGETED_DEVICE_FAMILY = "1,2";
			};
			name = Debug;
		};
		1E6DF19F2BF3F956006E8589 /* Release */ = {
			isa = XCBuildConfiguration;
			buildSettings = {
				ASSETCATALOG_COMPILER_APPICON_NAME = AppIcon;
				ASSETCATALOG_COMPILER_GLOBAL_ACCENT_COLOR_NAME = AccentColor;
				CODE_SIGN_STYLE = Automatic;
				CURRENT_PROJECT_VERSION = 1;
				GENERATE_INFOPLIST_FILE = YES;
				INFOPLIST_FILE = "Film-Kaydetme-APP/Info.plist";
				INFOPLIST_KEY_UIApplicationSupportsIndirectInputEvents = YES;
				INFOPLIST_KEY_UILaunchStoryboardName = LaunchScreen;
				INFOPLIST_KEY_UIMainStoryboardFile = Main;
				INFOPLIST_KEY_UISupportedInterfaceOrientations_iPad = "UIInterfaceOrientationPortrait UIInterfaceOrientationPortraitUpsideDown UIInterfaceOrientationLandscapeLeft UIInterfaceOrientationLandscapeRight";
				INFOPLIST_KEY_UISupportedInterfaceOrientations_iPhone = "UIInterfaceOrientationPortrait UIInterfaceOrientationLandscapeLeft UIInterfaceOrientationLandscapeRight";
				LD_RUNPATH_SEARCH_PATHS = (
					"$(inherited)",
					"@executable_path/Frameworks",
				);
				MARKETING_VERSION = 1.0;
				PRODUCT_BUNDLE_IDENTIFIER = "sabri.Film-Kaydetme-APP";
				PRODUCT_NAME = "$(TARGET_NAME)";
				SWIFT_EMIT_LOC_STRINGS = YES;
				SWIFT_VERSION = 5.0;
				TARGETED_DEVICE_FAMILY = "1,2";
			};
			name = Release;
		};
		1E6DF1A12BF3F956006E8589 /* Debug */ = {
			isa = XCBuildConfiguration;
			buildSettings = {
				ALWAYS_EMBED_SWIFT_STANDARD_LIBRARIES = YES;
				BUNDLE_LOADER = "$(TEST_HOST)";
				CODE_SIGN_STYLE = Automatic;
				CURRENT_PROJECT_VERSION = 1;
				GENERATE_INFOPLIST_FILE = YES;
				IPHONEOS_DEPLOYMENT_TARGET = 17.4;
				MARKETING_VERSION = 1.0;
				PRODUCT_BUNDLE_IDENTIFIER = "sabri.Film-Kaydetme-APPTests";
				PRODUCT_NAME = "$(TARGET_NAME)";
				SWIFT_EMIT_LOC_STRINGS = NO;
				SWIFT_VERSION = 5.0;
				TARGETED_DEVICE_FAMILY = "1,2";
				TEST_HOST = "$(BUILT_PRODUCTS_DIR)/Film-Kaydetme-APP.app/$(BUNDLE_EXECUTABLE_FOLDER_PATH)/Film-Kaydetme-APP";
			};
			name = Debug;
		};
		1E6DF1A22BF3F956006E8589 /* Release */ = {
			isa = XCBuildConfiguration;
			buildSettings = {
				ALWAYS_EMBED_SWIFT_STANDARD_LIBRARIES = YES;
				BUNDLE_LOADER = "$(TEST_HOST)";
				CODE_SIGN_STYLE = Automatic;
				CURRENT_PROJECT_VERSION = 1;
				GENERATE_INFOPLIST_FILE = YES;
				IPHONEOS_DEPLOYMENT_TARGET = 17.4;
				MARKETING_VERSION = 1.0;
				PRODUCT_BUNDLE_IDENTIFIER = "sabri.Film-Kaydetme-APPTests";
				PRODUCT_NAME = "$(TARGET_NAME)";
				SWIFT_EMIT_LOC_STRINGS = NO;
				SWIFT_VERSION = 5.0;
				TARGETED_DEVICE_FAMILY = "1,2";
				TEST_HOST = "$(BUILT_PRODUCTS_DIR)/Film-Kaydetme-APP.app/$(BUNDLE_EXECUTABLE_FOLDER_PATH)/Film-Kaydetme-APP";
			};
			name = Release;
		};
		1E6DF1A42BF3F956006E8589 /* Debug */ = {
			isa = XCBuildConfiguration;
			buildSettings = {
				ALWAYS_EMBED_SWIFT_STANDARD_LIBRARIES = YES;
				CODE_SIGN_STYLE = Automatic;
				CURRENT_PROJECT_VERSION = 1;
				GENERATE_INFOPLIST_FILE = YES;
				MARKETING_VERSION = 1.0;
				PRODUCT_BUNDLE_IDENTIFIER = "sabri.Film-Kaydetme-APPUITests";
				PRODUCT_NAME = "$(TARGET_NAME)";
				SWIFT_EMIT_LOC_STRINGS = NO;
				SWIFT_VERSION = 5.0;
				TARGETED_DEVICE_FAMILY = "1,2";
				TEST_TARGET_NAME = "Film-Kaydetme-APP";
			};
			name = Debug;
		};
		1E6DF1A52BF3F956006E8589 /* Release */ = {
			isa = XCBuildConfiguration;
			buildSettings = {
				ALWAYS_EMBED_SWIFT_STANDARD_LIBRARIES = YES;
				CODE_SIGN_STYLE = Automatic;
				CURRENT_PROJECT_VERSION = 1;
				GENERATE_INFOPLIST_FILE = YES;
				MARKETING_VERSION = 1.0;
				PRODUCT_BUNDLE_IDENTIFIER = "sabri.Film-Kaydetme-APPUITests";
				PRODUCT_NAME = "$(TARGET_NAME)";
				SWIFT_EMIT_LOC_STRINGS = NO;
				SWIFT_VERSION = 5.0;
				TARGETED_DEVICE_FAMILY = "1,2";
				TEST_TARGET_NAME = "Film-Kaydetme-APP";
			};
			name = Release;
		};
/* End XCBuildConfiguration section */

/* Begin XCConfigurationList section */
		1E6DF16B2BF3F954006E8589 /* Build configuration list for PBXProject "Film-Kaydetme-APP" */ = {
			isa = XCConfigurationList;
			buildConfigurations = (
				1E6DF19B2BF3F956006E8589 /* Debug */,
				1E6DF19C2BF3F956006E8589 /* Release */,
			);
			defaultConfigurationIsVisible = 0;
			defaultConfigurationName = Release;
		};
		1E6DF19D2BF3F956006E8589 /* Build configuration list for PBXNativeTarget "Film-Kaydetme-APP" */ = {
			isa = XCConfigurationList;
			buildConfigurations = (
				1E6DF19E2BF3F956006E8589 /* Debug */,
				1E6DF19F2BF3F956006E8589 /* Release */,
			);
			defaultConfigurationIsVisible = 0;
			defaultConfigurationName = Release;
		};
		1E6DF1A02BF3F956006E8589 /* Build configuration list for PBXNativeTarget "Film-Kaydetme-APPTests" */ = {
			isa = XCConfigurationList;
			buildConfigurations = (
				1E6DF1A12BF3F956006E8589 /* Debug */,
				1E6DF1A22BF3F956006E8589 /* Release */,
			);
			defaultConfigurationIsVisible = 0;
			defaultConfigurationName = Release;
		};
		1E6DF1A32BF3F956006E8589 /* Build configuration list for PBXNativeTarget "Film-Kaydetme-APPUITests" */ = {
			isa = XCConfigurationList;
			buildConfigurations = (
				1E6DF1A42BF3F956006E8589 /* Debug */,
				1E6DF1A52BF3F956006E8589 /* Release */,
			);
			defaultConfigurationIsVisible = 0;
			defaultConfigurationName = Release;
		};
/* End XCConfigurationList section */

/* Begin XCVersionGroup section */
		1E6DF17C2BF3F954006E8589 /* Film_Kaydetme_APP.xcdatamodeld */ = {
			isa = XCVersionGroup;
			children = (
				1E6DF17D2BF3F954006E8589 /* Film_Kaydetme_APP.xcdatamodel */,
			);
			currentVersion = 1E6DF17D2BF3F954006E8589 /* Film_Kaydetme_APP.xcdatamodel */;
			path = Film_Kaydetme_APP.xcdatamodeld;
			sourceTree = "<group>";
			versionGroupType = wrapper.xcdatamodel;
		};
/* End XCVersionGroup section */
	};
	rootObject = 1E6DF1682BF3F954006E8589 /* Project object */;
}
